{
    "_meta": {
        "hash": {
            "sha256": "df1d317906d059f802d336c2bd18d2eeb1bec1ec40e1e84cb1a527b84574d28f"
        },
        "pipfile-spec": 6,
        "requires": {
            "python_version": "3.7"
        },
        "sources": [
            {
                "name": "pypi",
                "url": "https://pypi.org/simple",
                "verify_ssl": true
            }
        ]
    },
    "default": {
        "bloodyterminal": {
            "hashes": [
                "sha256:591fdd2b4639c25199b89913dabf5f46b032d33144f59a6bd41e1610b3d7bd87"
            ],
            "index": "pypi",
            "version": "==4.0"
        },
        "c-print": {
            "hashes": [
                "sha256:0c07c614b7a26297213935864ee1e6f22eaec7537ba783af5ab3429435675009",
                "sha256:8a521204c92093c25c3fc51236f960dc9c83c1cdabf398653344951a64ef272e"
            ],
            "index": "pypi",
            "version": "==1.0.1"
        },
        "colorama": {
            "hashes": [
                "sha256:05eed71e2e327246ad6b38c540c4a3117230b19679b875190486ddd2d721422d",
                "sha256:f8ac84de7840f5b9c4e3347b3c1eaa50f7e49c2b07596221daec5edaabbd7c48"
            ],
            "version": "==0.4.1"
        }
    },
    "develop": {}
}
